// !$*UTF8*$!
{
	archiveVersion = 1;
	classes = {
	};
	objectVersion = 50;
	objects = {

/* Begin PBXBuildFile section */
		376DB7FC215038FE00300E94 /* AppDelegate.swift in Sources */ = {isa = PBXBuildFile; fileRef = 376DB7FB215038FE00300E94 /* AppDelegate.swift */; };
		376DB801215038FE00300E94 /* Main.storyboard in Resources */ = {isa = PBXBuildFile; fileRef = 376DB7FF215038FE00300E94 /* Main.storyboard */; };
		376DB8032150390400300E94 /* Assets.xcassets in Resources */ = {isa = PBXBuildFile; fileRef = 376DB8022150390400300E94 /* Assets.xcassets */; };
		376DB8062150390400300E94 /* LaunchScreen.storyboard in Resources */ = {isa = PBXBuildFile; fileRef = 376DB8042150390400300E94 /* LaunchScreen.storyboard */; };
		376DB82421525C3100300E94 /* CMHomeViewController.swift in Sources */ = {isa = PBXBuildFile; fileRef = 376DB82321525C3100300E94 /* CMHomeViewController.swift */; };
		376DB82821525F9A00300E94 /* GooglePlace.swift in Sources */ = {isa = PBXBuildFile; fileRef = 376DB82521525F9A00300E94 /* GooglePlace.swift */; };
		376DB82921525F9A00300E94 /* GoogleDataProvider.swift in Sources */ = {isa = PBXBuildFile; fileRef = 376DB82621525F9A00300E94 /* GoogleDataProvider.swift */; };
		378E3A132154021500B25ED2 /* CrewMaps.framework in Frameworks */ = {isa = PBXBuildFile; fileRef = 378E3A0F215401D300B25ED2 /* CrewMaps.framework */; };
		378E3A142154021500B25ED2 /* CrewMaps.framework in Embed Frameworks */ = {isa = PBXBuildFile; fileRef = 378E3A0F215401D300B25ED2 /* CrewMaps.framework */; settings = {ATTRIBUTES = (CodeSignOnCopy, RemoveHeadersOnCopy, ); }; };
		378E3A1B2154166000B25ED2 /* README.md in Resources */ = {isa = PBXBuildFile; fileRef = 378E3A1A2154166000B25ED2 /* README.md */; };
		378E3A1D21541F2400B25ED2 /* Add to Project.png in Resources */ = {isa = PBXBuildFile; fileRef = 378E3A1C21541F2400B25ED2 /* Add to Project.png */; };
		378E3A1F215423A900B25ED2 /* Add as linked framework and binary.png in Resources */ = {isa = PBXBuildFile; fileRef = 378E3A1E215423A900B25ED2 /* Add as linked framework and binary.png */; };
		43A50F5CCD5656C52AE94BCF /* Pods_CrewMapsApp.framework in Frameworks */ = {isa = PBXBuildFile; fileRef = B4B5B59A9CC563B2B9CD3E93 /* Pods_CrewMapsApp.framework */; };
/* End PBXBuildFile section */

/* Begin PBXContainerItemProxy section */
		378E3A0E215401D300B25ED2 /* PBXContainerItemProxy */ = {
			isa = PBXContainerItemProxy;
			containerPortal = 378E3A0A215401D300B25ED2 /* CrewMaps.xcodeproj */;
			proxyType = 2;
			remoteGlobalIDString = 378E39F32154017900B25ED2;
			remoteInfo = CrewMaps;
		};
		378E3A10215401F200B25ED2 /* PBXContainerItemProxy */ = {
			isa = PBXContainerItemProxy;
			containerPortal = 378E3A0A215401D300B25ED2 /* CrewMaps.xcodeproj */;
			proxyType = 1;
			remoteGlobalIDString = 378E39F22154017900B25ED2;
			remoteInfo = CrewMaps;
		};
		378E3A152154021500B25ED2 /* PBXContainerItemProxy */ = {
			isa = PBXContainerItemProxy;
			containerPortal = 378E3A0A215401D300B25ED2 /* CrewMaps.xcodeproj */;
			proxyType = 1;
			remoteGlobalIDString = 378E39F22154017900B25ED2;
			remoteInfo = CrewMaps;
		};
/* End PBXContainerItemProxy section */

/* Begin PBXCopyFilesBuildPhase section */
		375FC28A2153DDC5000DECC3 /* Embed Frameworks */ = {
			isa = PBXCopyFilesBuildPhase;
			buildActionMask = 2147483647;
			dstPath = "";
			dstSubfolderSpec = 10;
			files = (
				378E3A142154021500B25ED2 /* CrewMaps.framework in Embed Frameworks */,
			);
			name = "Embed Frameworks";
			runOnlyForDeploymentPostprocessing = 0;
		};
/* End PBXCopyFilesBuildPhase section */

/* Begin PBXFileReference section */
		326F5F090FAEACB886C15D92 /* Pods-CrewMapsApp.release.xcconfig */ = {isa = PBXFileReference; includeInIndex = 1; lastKnownFileType = text.xcconfig; name = "Pods-CrewMapsApp.release.xcconfig"; path = "Pods/Target Support Files/Pods-CrewMapsApp/Pods-CrewMapsApp.release.xcconfig"; sourceTree = "<group>"; };
		376DB7F8215038FE00300E94 /* CrewMapsApp.app */ = {isa = PBXFileReference; explicitFileType = wrapper.application; includeInIndex = 0; path = CrewMapsApp.app; sourceTree = BUILT_PRODUCTS_DIR; };
		376DB7FB215038FE00300E94 /* AppDelegate.swift */ = {isa = PBXFileReference; lastKnownFileType = sourcecode.swift; path = AppDelegate.swift; sourceTree = "<group>"; };
		376DB800215038FE00300E94 /* Base */ = {isa = PBXFileReference; lastKnownFileType = file.storyboard; name = Base; path = Base.lproj/Main.storyboard; sourceTree = "<group>"; };
		376DB8022150390400300E94 /* Assets.xcassets */ = {isa = PBXFileReference; lastKnownFileType = folder.assetcatalog; path = Assets.xcassets; sourceTree = "<group>"; };
		376DB8052150390400300E94 /* Base */ = {isa = PBXFileReference; lastKnownFileType = file.storyboard; name = Base; path = Base.lproj/LaunchScreen.storyboard; sourceTree = "<group>"; };
		376DB8072150390400300E94 /* Info.plist */ = {isa = PBXFileReference; lastKnownFileType = text.plist.xml; path = Info.plist; sourceTree = "<group>"; };
		376DB82321525C3100300E94 /* CMHomeViewController.swift */ = {isa = PBXFileReference; lastKnownFileType = sourcecode.swift; path = CMHomeViewController.swift; sourceTree = "<group>"; };
		376DB82521525F9A00300E94 /* GooglePlace.swift */ = {isa = PBXFileReference; fileEncoding = 4; lastKnownFileType = sourcecode.swift; path = GooglePlace.swift; sourceTree = "<group>"; };
		376DB82621525F9A00300E94 /* GoogleDataProvider.swift */ = {isa = PBXFileReference; fileEncoding = 4; lastKnownFileType = sourcecode.swift; path = GoogleDataProvider.swift; sourceTree = "<group>"; };
		378E3A0A215401D300B25ED2 /* CrewMaps.xcodeproj */ = {isa = PBXFileReference; lastKnownFileType = "wrapper.pb-project"; name = CrewMaps.xcodeproj; path = CrewMaps/CrewMaps.xcodeproj; sourceTree = "<group>"; };
		378E3A1A2154166000B25ED2 /* README.md */ = {isa = PBXFileReference; fileEncoding = 4; lastKnownFileType = net.daringfireball.markdown; path = README.md; sourceTree = SOURCE_ROOT; };
		378E3A1C21541F2400B25ED2 /* Add to Project.png */ = {isa = PBXFileReference; lastKnownFileType = image.png; path = "Add to Project.png"; sourceTree = "<group>"; };
		378E3A1E215423A900B25ED2 /* Add as linked framework and binary.png */ = {isa = PBXFileReference; lastKnownFileType = image.png; path = "Add as linked framework and binary.png"; sourceTree = "<group>"; };
		B4B5B59A9CC563B2B9CD3E93 /* Pods_CrewMapsApp.framework */ = {isa = PBXFileReference; explicitFileType = wrapper.framework; includeInIndex = 0; path = Pods_CrewMapsApp.framework; sourceTree = BUILT_PRODUCTS_DIR; };
		B88BE4D073AE075B69B1D55F /* Pods-CrewMapsApp.debug.xcconfig */ = {isa = PBXFileReference; includeInIndex = 1; lastKnownFileType = text.xcconfig; name = "Pods-CrewMapsApp.debug.xcconfig"; path = "Pods/Target Support Files/Pods-CrewMapsApp/Pods-CrewMapsApp.debug.xcconfig"; sourceTree = "<group>"; };
/* End PBXFileReference section */

/* Begin PBXFrameworksBuildPhase section */
		376DB7F5215038FE00300E94 /* Frameworks */ = {
			isa = PBXFrameworksBuildPhase;
			buildActionMask = 2147483647;
			files = (
				43A50F5CCD5656C52AE94BCF /* Pods_CrewMapsApp.framework in Frameworks */,
				378E3A132154021500B25ED2 /* CrewMaps.framework in Frameworks */,
			);
			runOnlyForDeploymentPostprocessing = 0;
		};
/* End PBXFrameworksBuildPhase section */

/* Begin PBXGroup section */
		14C43B2D1E6ABA474756A80A /* Frameworks */ = {
			isa = PBXGroup;
			children = (
				B4B5B59A9CC563B2B9CD3E93 /* Pods_CrewMapsApp.framework */,
			);
			name = Frameworks;
			sourceTree = "<group>";
		};
		2649D888CFEA156F36CACDF6 /* Pods */ = {
			isa = PBXGroup;
			children = (
				B88BE4D073AE075B69B1D55F /* Pods-CrewMapsApp.debug.xcconfig */,
				326F5F090FAEACB886C15D92 /* Pods-CrewMapsApp.release.xcconfig */,
			);
			name = Pods;
			sourceTree = "<group>";
		};
		376DB7EF215038FE00300E94 = {
			isa = PBXGroup;
			children = (
				378E3A0A215401D300B25ED2 /* CrewMaps.xcodeproj */,
				376DB7FA215038FE00300E94 /* CrewMapsApp */,
				376DB7F9215038FE00300E94 /* Products */,
				2649D888CFEA156F36CACDF6 /* Pods */,
				14C43B2D1E6ABA474756A80A /* Frameworks */,
			);
			sourceTree = "<group>";
		};
		376DB7F9215038FE00300E94 /* Products */ = {
			isa = PBXGroup;
			children = (
				376DB7F8215038FE00300E94 /* CrewMapsApp.app */,
			);
			name = Products;
			sourceTree = "<group>";
		};
		376DB7FA215038FE00300E94 /* CrewMapsApp */ = {
			isa = PBXGroup;
			children = (
				376DB80D2150394200300E94 /* Classes */,
				376DB7FF215038FE00300E94 /* Main.storyboard */,
				376DB8022150390400300E94 /* Assets.xcassets */,
				376DB8042150390400300E94 /* LaunchScreen.storyboard */,
				376DB8072150390400300E94 /* Info.plist */,
				378E3A1C21541F2400B25ED2 /* Add to Project.png */,
				378E3A1E215423A900B25ED2 /* Add as linked framework and binary.png */,
				378E3A1A2154166000B25ED2 /* README.md */,
			);
			path = CrewMapsApp;
			sourceTree = "<group>";
		};
		376DB80D2150394200300E94 /* Classes */ = {
			isa = PBXGroup;
			children = (
				376DB7FB215038FE00300E94 /* AppDelegate.swift */,
				376DB8102150396F00300E94 /* Models */,
				376DB80F2150396300300E94 /* Views */,
				376DB80E2150395100300E94 /* ViewControllers */,
			);
			path = Classes;
			sourceTree = "<group>";
		};
		376DB80E2150395100300E94 /* ViewControllers */ = {
			isa = PBXGroup;
			children = (
				376DB82321525C3100300E94 /* CMHomeViewController.swift */,
			);
			path = ViewControllers;
			sourceTree = "<group>";
		};
		376DB80F2150396300300E94 /* Views */ = {
			isa = PBXGroup;
			children = (
			);
			path = Views;
			sourceTree = "<group>";
		};
		376DB8102150396F00300E94 /* Models */ = {
			isa = PBXGroup;
			children = (
				376DB82621525F9A00300E94 /* GoogleDataProvider.swift */,
				376DB82521525F9A00300E94 /* GooglePlace.swift */,
			);
			path = Models;
			sourceTree = "<group>";
		};
		378E3A0B215401D300B25ED2 /* Products */ = {
			isa = PBXGroup;
			children = (
				378E3A0F215401D300B25ED2 /* CrewMaps.framework */,
			);
			name = Products;
			sourceTree = "<group>";
		};
/* End PBXGroup section */

/* Begin PBXNativeTarget section */
		376DB7F7215038FE00300E94 /* CrewMapsApp */ = {
			isa = PBXNativeTarget;
			buildConfigurationList = 376DB80A2150390400300E94 /* Build configuration list for PBXNativeTarget "CrewMapsApp" */;
			buildPhases = (
				77A0280D58BA76383581EBD1 /* [CP] Check Pods Manifest.lock */,
				376DB7F4215038FE00300E94 /* Sources */,
				376DB7F5215038FE00300E94 /* Frameworks */,
				376DB7F6215038FE00300E94 /* Resources */,
				0CBFB825E93DB405E24F77C4 /* [CP] Embed Pods Frameworks */,
				FCD82D8D5168AD5A5200229C /* [CP] Copy Pods Resources */,
				375FC28A2153DDC5000DECC3 /* Embed Frameworks */,
			);
			buildRules = (
			);
			dependencies = (
				378E3A11215401F200B25ED2 /* PBXTargetDependency */,
				378E3A162154021500B25ED2 /* PBXTargetDependency */,
			);
			name = CrewMapsApp;
			productName = CrewMapsApp;
			productReference = 376DB7F8215038FE00300E94 /* CrewMapsApp.app */;
			productType = "com.apple.product-type.application";
		};
/* End PBXNativeTarget section */

/* Begin PBXProject section */
		376DB7F0215038FE00300E94 /* Project object */ = {
			isa = PBXProject;
			attributes = {
				LastSwiftUpdateCheck = 0940;
				LastUpgradeCheck = 0940;
				ORGANIZATIONNAME = Crewlogix;
				TargetAttributes = {
					376DB7F7215038FE00300E94 = {
						CreatedOnToolsVersion = 9.4.1;
					};
				};
			};
			buildConfigurationList = 376DB7F3215038FE00300E94 /* Build configuration list for PBXProject "CrewMapsApp" */;
			compatibilityVersion = "Xcode 9.3";
			developmentRegion = en;
			hasScannedForEncodings = 0;
			knownRegions = (
				en,
				Base,
			);
			mainGroup = 376DB7EF215038FE00300E94;
			productRefGroup = 376DB7F9215038FE00300E94 /* Products */;
			projectDirPath = "";
			projectReferences = (
				{
					ProductGroup = 378E3A0B215401D300B25ED2 /* Products */;
					ProjectRef = 378E3A0A215401D300B25ED2 /* CrewMaps.xcodeproj */;
				},
			);
			projectRoot = "";
			targets = (
				376DB7F7215038FE00300E94 /* CrewMapsApp */,
			);
		};
/* End PBXProject section */

/* Begin PBXReferenceProxy section */
		378E3A0F215401D300B25ED2 /* CrewMaps.framework */ = {
			isa = PBXReferenceProxy;
			fileType = wrapper.framework;
			path = CrewMaps.framework;
			remoteRef = 378E3A0E215401D300B25ED2 /* PBXContainerItemProxy */;
			sourceTree = BUILT_PRODUCTS_DIR;
		};
/* End PBXReferenceProxy section */

/* Begin PBXResourcesBuildPhase section */
		376DB7F6215038FE00300E94 /* Resources */ = {
			isa = PBXResourcesBuildPhase;
			buildActionMask = 2147483647;
			files = (
				376DB8062150390400300E94 /* LaunchScreen.storyboard in Resources */,
				378E3A1F215423A900B25ED2 /* Add as linked framework and binary.png in Resources */,
				376DB8032150390400300E94 /* Assets.xcassets in Resources */,
				378E3A1B2154166000B25ED2 /* README.md in Resources */,
				378E3A1D21541F2400B25ED2 /* Add to Project.png in Resources */,
				376DB801215038FE00300E94 /* Main.storyboard in Resources */,
			);
			runOnlyForDeploymentPostprocessing = 0;
		};
/* End PBXResourcesBuildPhase section */

/* Begin PBXShellScriptBuildPhase section */
		0CBFB825E93DB405E24F77C4 /* [CP] Embed Pods Frameworks */ = {
			isa = PBXShellScriptBuildPhase;
			buildActionMask = 2147483647;
			files = (
			);
			inputPaths = (
				"${SRCROOT}/Pods/Target Support Files/Pods-CrewMapsApp/Pods-CrewMapsApp-frameworks.sh",
				"${BUILT_PRODUCTS_DIR}/Alamofire/Alamofire.framework",
				"${BUILT_PRODUCTS_DIR}/SwiftyJSON/SwiftyJSON.framework",
			);
			name = "[CP] Embed Pods Frameworks";
			outputPaths = (
				"${TARGET_BUILD_DIR}/${FRAMEWORKS_FOLDER_PATH}/Alamofire.framework",
				"${TARGET_BUILD_DIR}/${FRAMEWORKS_FOLDER_PATH}/SwiftyJSON.framework",
			);
			runOnlyForDeploymentPostprocessing = 0;
			shellPath = /bin/sh;
			shellScript = "\"${SRCROOT}/Pods/Target Support Files/Pods-CrewMapsApp/Pods-CrewMapsApp-frameworks.sh\"\n";
			showEnvVarsInLog = 0;
		};
		77A0280D58BA76383581EBD1 /* [CP] Check Pods Manifest.lock */ = {
			isa = PBXShellScriptBuildPhase;
			buildActionMask = 2147483647;
			files = (
			);
			inputPaths = (
				"${PODS_PODFILE_DIR_PATH}/Podfile.lock",
				"${PODS_ROOT}/Manifest.lock",
			);
			name = "[CP] Check Pods Manifest.lock";
			outputPaths = (
				"$(DERIVED_FILE_DIR)/Pods-CrewMapsApp-checkManifestLockResult.txt",
			);
			runOnlyForDeploymentPostprocessing = 0;
			shellPath = /bin/sh;
			shellScript = "diff \"${PODS_PODFILE_DIR_PATH}/Podfile.lock\" \"${PODS_ROOT}/Manifest.lock\" > /dev/null\nif [ $? != 0 ] ; then\n    # print error to STDERR\n    echo \"error: The sandbox is not in sync with the Podfile.lock. Run 'pod install' or update your CocoaPods installation.\" >&2\n    exit 1\nfi\n# This output is used by Xcode 'outputs' to avoid re-running this script phase.\necho \"SUCCESS\" > \"${SCRIPT_OUTPUT_FILE_0}\"\n";
			showEnvVarsInLog = 0;
		};
		FCD82D8D5168AD5A5200229C /* [CP] Copy Pods Resources */ = {
			isa = PBXShellScriptBuildPhase;
			buildActionMask = 2147483647;
			files = (
			);
			inputPaths = (
				"${SRCROOT}/Pods/Target Support Files/Pods-CrewMapsApp/Pods-CrewMapsApp-resources.sh",
				"${PODS_ROOT}/GooglePlaces/Frameworks/GooglePlaces.framework/Resources/GooglePlaces.bundle",
			);
			name = "[CP] Copy Pods Resources";
			outputPaths = (
				"${TARGET_BUILD_DIR}/${UNLOCALIZED_RESOURCES_FOLDER_PATH}/GooglePlaces.bundle",
			);
			runOnlyForDeploymentPostprocessing = 0;
			shellPath = /bin/sh;
			shellScript = "\"${SRCROOT}/Pods/Target Support Files/Pods-CrewMapsApp/Pods-CrewMapsApp-resources.sh\"\n";
			showEnvVarsInLog = 0;
		};
/* End PBXShellScriptBuildPhase section */

/* Begin PBXSourcesBuildPhase section */
		376DB7F4215038FE00300E94 /* Sources */ = {
			isa = PBXSourcesBuildPhase;
			buildActionMask = 2147483647;
			files = (
				376DB7FC215038FE00300E94 /* AppDelegate.swift in Sources */,
				376DB82921525F9A00300E94 /* GoogleDataProvider.swift in Sources */,
				376DB82421525C3100300E94 /* CMHomeViewController.swift in Sources */,
				376DB82821525F9A00300E94 /* GooglePlace.swift in Sources */,
			);
			runOnlyForDeploymentPostprocessing = 0;
		};
/* End PBXSourcesBuildPhase section */

/* Begin PBXTargetDependency section */
		378E3A11215401F200B25ED2 /* PBXTargetDependency */ = {
			isa = PBXTargetDependency;
			name = CrewMaps;
			targetProxy = 378E3A10215401F200B25ED2 /* PBXContainerItemProxy */;
		};
		378E3A162154021500B25ED2 /* PBXTargetDependency */ = {
			isa = PBXTargetDependency;
			name = CrewMaps;
			targetProxy = 378E3A152154021500B25ED2 /* PBXContainerItemProxy */;
		};
/* End PBXTargetDependency section */

/* Begin PBXVariantGroup section */
		376DB7FF215038FE00300E94 /* Main.storyboard */ = {
			isa = PBXVariantGroup;
			children = (
				376DB800215038FE00300E94 /* Base */,
			);
			name = Main.storyboard;
			sourceTree = "<group>";
		};
		376DB8042150390400300E94 /* LaunchScreen.storyboard */ = {
			isa = PBXVariantGroup;
			children = (
				376DB8052150390400300E94 /* Base */,
			);
			name = LaunchScreen.storyboard;
			sourceTree = "<group>";
		};
/* End PBXVariantGroup section */

/* Begin XCBuildConfiguration section */
		376DB8082150390400300E94 /* Debug */ = {
			isa = XCBuildConfiguration;
			buildSettings = {
				ALWAYS_SEARCH_USER_PATHS = NO;
				CLANG_ANALYZER_NONNULL = YES;
				CLANG_ANALYZER_NUMBER_OBJECT_CONVERSION = YES_AGGRESSIVE;
				CLANG_CXX_LANGUAGE_STANDARD = "gnu++14";
				CLANG_CXX_LIBRARY = "libc++";
				CLANG_ENABLE_MODULES = YES;
				CLANG_ENABLE_OBJC_ARC = YES;
				CLANG_ENABLE_OBJC_WEAK = YES;
				CLANG_WARN_BLOCK_CAPTURE_AUTORELEASING = YES;
				CLANG_WARN_BOOL_CONVERSION = YES;
				CLANG_WARN_COMMA = YES;
				CLANG_WARN_CONSTANT_CONVERSION = YES;
				CLANG_WARN_DEPRECATED_OBJC_IMPLEMENTATIONS = YES;
				CLANG_WARN_DIRECT_OBJC_ISA_USAGE = YES_ERROR;
				CLANG_WARN_DOCUMENTATION_COMMENTS = YES;
				CLANG_WARN_EMPTY_BODY = YES;
				CLANG_WARN_ENUM_CONVERSION = YES;
				CLANG_WARN_INFINITE_RECURSION = YES;
				CLANG_WARN_INT_CONVERSION = YES;
				CLANG_WARN_NON_LITERAL_NULL_CONVERSION = YES;
				CLANG_WARN_OBJC_IMPLICIT_RETAIN_SELF = YES;
				CLANG_WARN_OBJC_LITERAL_CONVERSION = YES;
				CLANG_WARN_OBJC_ROOT_CLASS = YES_ERROR;
				CLANG_WARN_RANGE_LOOP_ANALYSIS = YES;
				CLANG_WARN_STRICT_PROTOTYPES = YES;
				CLANG_WARN_SUSPICIOUS_MOVE = YES;
				CLANG_WARN_UNGUARDED_AVAILABILITY = YES_AGGRESSIVE;
				CLANG_WARN_UNREACHABLE_CODE = YES;
				CLANG_WARN__DUPLICATE_METHOD_MATCH = YES;
				CODE_SIGN_IDENTITY = "iPhone Developer";
				COPY_PHASE_STRIP = NO;
				DEBUG_INFORMATION_FORMAT = dwarf;
				ENABLE_STRICT_OBJC_MSGSEND = YES;
				ENABLE_TESTABILITY = YES;
				GCC_C_LANGUAGE_STANDARD = gnu11;
				GCC_DYNAMIC_NO_PIC = NO;
				GCC_NO_COMMON_BLOCKS = YES;
				GCC_OPTIMIZATION_LEVEL = 0;
				GCC_PREPROCESSOR_DEFINITIONS = (
					"DEBUG=1",
					"$(inherited)",
				);
				GCC_WARN_64_TO_32_BIT_CONVERSION = YES;
				GCC_WARN_ABOUT_RETURN_TYPE = YES_ERROR;
				GCC_WARN_UNDECLARED_SELECTOR = YES;
				GCC_WARN_UNINITIALIZED_AUTOS = YES_AGGRESSIVE;
				GCC_WARN_UNUSED_FUNCTION = YES;
				GCC_WARN_UNUSED_VARIABLE = YES;
				IPHONEOS_DEPLOYMENT_TARGET = 11.4;
				MTL_ENABLE_DEBUG_INFO = YES;
				ONLY_ACTIVE_ARCH = YES;
				SDKROOT = iphoneos;
				SWIFT_ACTIVE_COMPILATION_CONDITIONS = DEBUG;
				SWIFT_OPTIMIZATION_LEVEL = "-Onone";
			};
			name = Debug;
		};
		376DB8092150390400300E94 /* Release */ = {
			isa = XCBuildConfiguration;
			buildSettings = {
				ALWAYS_SEARCH_USER_PATHS = NO;
				CLANG_ANALYZER_NONNULL = YES;
				CLANG_ANALYZER_NUMBER_OBJECT_CONVERSION = YES_AGGRESSIVE;
				CLANG_CXX_LANGUAGE_STANDARD = "gnu++14";
				CLANG_CXX_LIBRARY = "libc++";
				CLANG_ENABLE_MODULES = YES;
				CLANG_ENABLE_OBJC_ARC = YES;
				CLANG_ENABLE_OBJC_WEAK = YES;
				CLANG_WARN_BLOCK_CAPTURE_AUTORELEASING = YES;
				CLANG_WARN_BOOL_CONVERSION = YES;
				CLANG_WARN_COMMA = YES;
				CLANG_WARN_CONSTANT_CONVERSION = YES;
				CLANG_WARN_DEPRECATED_OBJC_IMPLEMENTATIONS = YES;
				CLANG_WARN_DIRECT_OBJC_ISA_USAGE = YES_ERROR;
				CLANG_WARN_DOCUMENTATION_COMMENTS = YES;
				CLANG_WARN_EMPTY_BODY = YES;
				CLANG_WARN_ENUM_CONVERSION = YES;
				CLANG_WARN_INFINITE_RECURSION = YES;
				CLANG_WARN_INT_CONVERSION = YES;
				CLANG_WARN_NON_LITERAL_NULL_CONVERSION = YES;
				CLANG_WARN_OBJC_IMPLICIT_RETAIN_SELF = YES;
				CLANG_WARN_OBJC_LITERAL_CONVERSION = YES;
				CLANG_WARN_OBJC_ROOT_CLASS = YES_ERROR;
				CLANG_WARN_RANGE_LOOP_ANALYSIS = YES;
				CLANG_WARN_STRICT_PROTOTYPES = YES;
				CLANG_WARN_SUSPICIOUS_MOVE = YES;
				CLANG_WARN_UNGUARDED_AVAILABILITY = YES_AGGRESSIVE;
				CLANG_WARN_UNREACHABLE_CODE = YES;
				CLANG_WARN__DUPLICATE_METHOD_MATCH = YES;
				CODE_SIGN_IDENTITY = "iPhone Developer";
				COPY_PHASE_STRIP = NO;
				DEBUG_INFORMATION_FORMAT = "dwarf-with-dsym";
				ENABLE_NS_ASSERTIONS = NO;
				ENABLE_STRICT_OBJC_MSGSEND = YES;
				GCC_C_LANGUAGE_STANDARD = gnu11;
				GCC_NO_COMMON_BLOCKS = YES;
				GCC_WARN_64_TO_32_BIT_CONVERSION = YES;
				GCC_WARN_ABOUT_RETURN_TYPE = YES_ERROR;
				GCC_WARN_UNDECLARED_SELECTOR = YES;
				GCC_WARN_UNINITIALIZED_AUTOS = YES_AGGRESSIVE;
				GCC_WARN_UNUSED_FUNCTION = YES;
				GCC_WARN_UNUSED_VARIABLE = YES;
				IPHONEOS_DEPLOYMENT_TARGET = 11.4;
				MTL_ENABLE_DEBUG_INFO = NO;
				SDKROOT = iphoneos;
				SWIFT_COMPILATION_MODE = wholemodule;
				SWIFT_OPTIMIZATION_LEVEL = "-O";
				VALIDATE_PRODUCT = YES;
			};
			name = Release;
		};
		376DB80B2150390400300E94 /* Debug */ = {
			isa = XCBuildConfiguration;
			baseConfigurationReference = B88BE4D073AE075B69B1D55F /* Pods-CrewMapsApp.debug.xcconfig */;
			buildSettings = {
				ALWAYS_EMBED_SWIFT_STANDARD_LIBRARIES = YES;
				ASSETCATALOG_COMPILER_APPICON_NAME = AppIcon;
				CODE_SIGN_STYLE = Automatic;
				INFOPLIST_FILE = CrewMapsApp/Info.plist;
				LD_RUNPATH_SEARCH_PATHS = (
					"$(inherited)",
					"@executable_path/Frameworks",
				);
				PRODUCT_BUNDLE_IDENTIFIER = com.crewlogix.CrewMapsApp;
				PRODUCT_NAME = "$(TARGET_NAME)";
				SWIFT_VERSION = 4.0;
				TARGETED_DEVICE_FAMILY = "1,2";
			};
			name = Debug;
		};
		376DB80C2150390400300E94 /* Release */ = {
			isa = XCBuildConfiguration;
			baseConfigurationReference = 326F5F090FAEACB886C15D92 /* Pods-CrewMapsApp.release.xcconfig */;
			buildSettings = {
				ALWAYS_EMBED_SWIFT_STANDARD_LIBRARIES = YES;
				ASSETCATALOG_COMPILER_APPICON_NAME = AppIcon;
				CODE_SIGN_STYLE = Automatic;
				INFOPLIST_FILE = CrewMapsApp/Info.plist;
				LD_RUNPATH_SEARCH_PATHS = (
					"$(inherited)",
					"@executable_path/Frameworks",
				);
				PRODUCT_BUNDLE_IDENTIFIER = com.crewlogix.CrewMapsApp;
				PRODUCT_NAME = "$(TARGET_NAME)";
				SWIFT_VERSION = 4.0;
				TARGETED_DEVICE_FAMILY = "1,2";
			};
			name = Release;
		};
/* End XCBuildConfiguration section */

/* Begin XCConfigurationList section */
		376DB7F3215038FE00300E94 /* Build configuration list for PBXProject "CrewMapsApp" */ = {
			isa = XCConfigurationList;
			buildConfigurations = (
				376DB8082150390400300E94 /* Debug */,
				376DB8092150390400300E94 /* Release */,
			);
			defaultConfigurationIsVisible = 0;
			defaultConfigurationName = Release;
		};
		376DB80A2150390400300E94 /* Build configuration list for PBXNativeTarget "CrewMapsApp" */ = {
			isa = XCConfigurationList;
			buildConfigurations = (
				376DB80B2150390400300E94 /* Debug */,
				376DB80C2150390400300E94 /* Release */,
			);
			defaultConfigurationIsVisible = 0;
			defaultConfigurationName = Release;
		};
/* End XCConfigurationList section */
	};
	rootObject = 376DB7F0215038FE00300E94 /* Project object */;
}
